
Microsoft Visual Studio Solution File, Format Version 12.00
Project("{FAE04EC0-301F-11D3-BF4B-00C04F79EFBC}") = "API", "API\API.csproj", "{BEBBD455-B31D-4F91-8C9D-F0B1B5BF8C64}"
EndProject
Global
	GlobalSection(SolutionConfigurationPlatforms) = preSolution
		Debug|Any CPU = Debug|Any CPU
		Release|Any CPU = Release|Any CPU
	EndGlobalSection
	GlobalSection(ProjectConfigurationPlatforms) = postSolution
		{BEBBD455-B31D-4F91-8C9D-F0B1B5BF8C64}.Debug|Any CPU.ActiveCfg = Debug|Any CPU
		{BEBBD455-B31D-4F91-8C9D-F0B1B5BF8C64}.Debug|Any CPU.Build.0 = Debug|Any CPU
		{BEBBD455-B31D-4F91-8C9D-F0B1B5BF8C64}.Release|Any CPU.ActiveCfg = Release|Any CPU
		{BEBBD455-B31D-4F91-8C9D-F0B1B5BF8C64}.Release|Any CPU.Build.0 = Release|Any CPU
	EndGlobalSection
EndGlobal
